hash: 20747230eef5021de12e58e8941229d9def501d147f6ad4e19165dde0992ce9b
updated: 2018-02-11T19:37:32.261576+01:00
imports:
- name: github.com/avegao/openevse
  version: 7c67218bb4781ad57db151aaed1b3c6c29f89603
  subpackages:
  - command
  - command/ev_connect_state
  - command/get/ammeter/settings
  - command/get/auth_lock_state
  - command/get/charge_limit
  - command/get/charging_current_and_voltage
  - command/get/current_capacity_range_in_amps
  - command/get/delay_timer
  - command/get/energy_usage
  - command/get/ev_connect_state
  - command/get/fault_counters
  - command/get/over_temperature_thresholds
  - command/get/rtc_time
  - command/get/settings
  - command/get/time_limit
  - command/get/version
  - command/get/voltmeter_settings
  - command/set/rtc_time
  - util
testImports: []
