hash: 55cfb82d6a175bb481b8cadbecd7660e122a22cb3dff8751994406f549c5c2e3
updated: 2018-02-11T20:58:43.345876+01:00
imports:
- name: github.com/avegao/gocondi
  version: d92d24381af59fb669232b3741c8ff1116d27de4
- name: github.com/avegao/openevse
  version: 7c67218bb4781ad57db151aaed1b3c6c29f89603
- name: github.com/heroku/rollrus
  version: 8c4f823801514d40d7c7d6cfa13320af0a091611
- name: github.com/pkg/errors
  version: 30136e27e2ac8d167177e8a583aa4c3fea5be833
- name: github.com/sirupsen/logrus
  version: d682213848ed68c0a260ca37d6dd5ace8423f5ba
- name: github.com/stvp/roll
  version: 3627a5cbeaeaa68023abd02bb8687925265f2f63
- name: golang.org/x/crypto
  version: 5119cf507ed5294cc409c092980c7497ee5d6fd2
  subpackages:
  - ssh/terminal
- name: golang.org/x/sys
  version: 37707fdb30a5b38865cfb95e5aab41707daec7fd
  subpackages:
  - unix
  - windows
- name: google.golang.org/grpc
  version: 6b51017f791ae1cfbec89c52efdf444b13b550ef
testImports: []
